
Microsoft Visual Studio Solution File, Format Version 12.00
# Visual Studio 2013
VisualStudioVersion = 12.0.31101.0
MinimumVisualStudioVersion = 10.0.40219.1
Project("{FAE04EC0-301F-11D3-BF4B-00C04F79EFBC}") = "Engine", "Engine\Engine.csproj", "{05DC73BE-E38D-4B9E-B5F0-2A094BAF5F3A}"
EndProject
Project("{FAE04EC0-301F-11D3-BF4B-00C04F79EFBC}") = "Site", "Site\Site.csproj", "{16B83124-33E6-449A-9317-A7B14DADE0F9}"
EndProject
Global
	GlobalSection(SolutionConfigurationPlatforms) = preSolution
		Debug|Any CPU = Debug|Any CPU
		Release|Any CPU = Release|Any CPU
	EndGlobalSection
	GlobalSection(ProjectConfigurationPlatforms) = postSolution
		{05DC73BE-E38D-4B9E-B5F0-2A094BAF5F3A}.Debug|Any CPU.ActiveCfg = Debug|Any CPU
		{05DC73BE-E38D-4B9E-B5F0-2A094BAF5F3A}.Debug|Any CPU.Build.0 = Debug|Any CPU
		{05DC73BE-E38D-4B9E-B5F0-2A094BAF5F3A}.Release|Any CPU.ActiveCfg = Release|Any CPU
		{05DC73BE-E38D-4B9E-B5F0-2A094BAF5F3A}.Release|Any CPU.Build.0 = Release|Any CPU
		{16B83124-33E6-449A-9317-A7B14DADE0F9}.Debug|Any CPU.ActiveCfg = Debug|Any CPU
		{16B83124-33E6-449A-9317-A7B14DADE0F9}.Debug|Any CPU.Build.0 = Debug|Any CPU
		{16B83124-33E6-449A-9317-A7B14DADE0F9}.Release|Any CPU.ActiveCfg = Release|Any CPU
		{16B83124-33E6-449A-9317-A7B14DADE0F9}.Release|Any CPU.Build.0 = Release|Any CPU
	EndGlobalSection
	GlobalSection(SolutionProperties) = preSolution
		HideSolutionNode = FALSE
	EndGlobalSection
EndGlobal
